// !$*UTF8*$!
{
	archiveVersion = 1;
	classes = {
	};
	objectVersion = 56;
	objects = {

/* Begin PBXBuildFile section */
		E9490C0C295A34DF0065B758 /* TVShow.swift in Sources */ = {isa = PBXBuildFile; fileRef = E9490C09295A34DE0065B758 /* TVShow.swift */; };
		E9490C0D295A34DF0065B758 /* Entertainment.swift in Sources */ = {isa = PBXBuildFile; fileRef = E9490C0A295A34DF0065B758 /* Entertainment.swift */; };
		E9490C0E295A34DF0065B758 /* ShowAtModel.swift in Sources */ = {isa = PBXBuildFile; fileRef = E9490C0B295A34DF0065B758 /* ShowAtModel.swift */; };
		E9490C10295A35C30065B758 /* TVShowCell.swift in Sources */ = {isa = PBXBuildFile; fileRef = E9490C0F295A35C30065B758 /* TVShowCell.swift */; };
		E94D03B029734C63002E193A /* Utils.swift in Sources */ = {isa = PBXBuildFile; fileRef = E94D03AF29734C63002E193A /* Utils.swift */; };
		E94D03BA29749578002E193A /* techInterviewJson.json in Resources */ = {isa = PBXBuildFile; fileRef = E94D03B22973540C002E193A /* techInterviewJson.json */; };
		E94D03BF29749764002E193A /* Localizable.strings in Resources */ = {isa = PBXBuildFile; fileRef = E94D03C129749764002E193A /* Localizable.strings */; };
		E9A0FE63295B4CE800C9EBEA /* SortTableViewController.swift in Sources */ = {isa = PBXBuildFile; fileRef = E9A0FE62295B4CE800C9EBEA /* SortTableViewController.swift */; };
		E9A0FE68295B4FE800C9EBEA /* SortTableViewCell.swift in Sources */ = {isa = PBXBuildFile; fileRef = E9A0FE66295B4FE800C9EBEA /* SortTableViewCell.swift */; };
		E9A0FE69295B4FE800C9EBEA /* SortTableViewCell.xib in Resources */ = {isa = PBXBuildFile; fileRef = E9A0FE67295B4FE800C9EBEA /* SortTableViewCell.xib */; };
		E9A0FE6C295B5BC200C9EBEA /* Array+Utils.swift in Sources */ = {isa = PBXBuildFile; fileRef = E9A0FE6B295B5BC200C9EBEA /* Array+Utils.swift */; };
		E9FCA1F5291AF113001DB16B /* AppDelegate.swift in Sources */ = {isa = PBXBuildFile; fileRef = E9FCA1F4291AF113001DB16B /* AppDelegate.swift */; };
		E9FCA1F7291AF113001DB16B /* SceneDelegate.swift in Sources */ = {isa = PBXBuildFile; fileRef = E9FCA1F6291AF113001DB16B /* SceneDelegate.swift */; };
		E9FCA1FC291AF113001DB16B /* Main.storyboard in Resources */ = {isa = PBXBuildFile; fileRef = E9FCA1FA291AF113001DB16B /* Main.storyboard */; };
		E9FCA1FE291AF115001DB16B /* Assets.xcassets in Resources */ = {isa = PBXBuildFile; fileRef = E9FCA1FD291AF115001DB16B /* Assets.xcassets */; };
		E9FCA201291AF115001DB16B /* LaunchScreen.storyboard in Resources */ = {isa = PBXBuildFile; fileRef = E9FCA1FF291AF115001DB16B /* LaunchScreen.storyboard */; };
		E9FCA20C291AF115001DB16B /* EntertainmentsTests.swift in Sources */ = {isa = PBXBuildFile; fileRef = E9FCA20B291AF115001DB16B /* EntertainmentsTests.swift */; };
		E9FCA216291AF115001DB16B /* EntertainmentsUITests.swift in Sources */ = {isa = PBXBuildFile; fileRef = E9FCA215291AF115001DB16B /* EntertainmentsUITests.swift */; };
		E9FCA218291AF115001DB16B /* EntertainmentsUITestsLaunchTests.swift in Sources */ = {isa = PBXBuildFile; fileRef = E9FCA217291AF115001DB16B /* EntertainmentsUITestsLaunchTests.swift */; };
		E9FCA22F291AF270001DB16B /* EntertainmentTableViewController.swift in Sources */ = {isa = PBXBuildFile; fileRef = E9FCA22E291AF270001DB16B /* EntertainmentTableViewController.swift */; };
		E9FCA232291AF377001DB16B /* String+Utils.swift in Sources */ = {isa = PBXBuildFile; fileRef = E9FCA231291AF377001DB16B /* String+Utils.swift */; };
		E9FCA236291AF3EB001DB16B /* EntertainmentViewModel.swift in Sources */ = {isa = PBXBuildFile; fileRef = E9FCA235291AF3EB001DB16B /* EntertainmentViewModel.swift */; };
		E9FCA238291AF405001DB16B /* EntertainmentViewModelForShow.swift in Sources */ = {isa = PBXBuildFile; fileRef = E9FCA237291AF405001DB16B /* EntertainmentViewModelForShow.swift */; };
/* End PBXBuildFile section */

/* Begin PBXContainerItemProxy section */
		E9FCA208291AF115001DB16B /* PBXContainerItemProxy */ = {
			isa = PBXContainerItemProxy;
			containerPortal = E9FCA1E9291AF113001DB16B /* Project object */;
			proxyType = 1;
			remoteGlobalIDString = E9FCA1F0291AF113001DB16B;
			remoteInfo = Entertainments;
		};
		E9FCA212291AF115001DB16B /* PBXContainerItemProxy */ = {
			isa = PBXContainerItemProxy;
			containerPortal = E9FCA1E9291AF113001DB16B /* Project object */;
			proxyType = 1;
			remoteGlobalIDString = E9FCA1F0291AF113001DB16B;
			remoteInfo = Entertainments;
		};
/* End PBXContainerItemProxy section */

/* Begin PBXFileReference section */
		E9490C09295A34DE0065B758 /* TVShow.swift */ = {isa = PBXFileReference; fileEncoding = 4; lastKnownFileType = sourcecode.swift; path = TVShow.swift; sourceTree = "<group>"; };
		E9490C0A295A34DF0065B758 /* Entertainment.swift */ = {isa = PBXFileReference; fileEncoding = 4; lastKnownFileType = sourcecode.swift; path = Entertainment.swift; sourceTree = "<group>"; };
		E9490C0B295A34DF0065B758 /* ShowAtModel.swift */ = {isa = PBXFileReference; fileEncoding = 4; lastKnownFileType = sourcecode.swift; path = ShowAtModel.swift; sourceTree = "<group>"; };
		E9490C0F295A35C30065B758 /* TVShowCell.swift */ = {isa = PBXFileReference; lastKnownFileType = sourcecode.swift; path = TVShowCell.swift; sourceTree = "<group>"; };
		E94D03AF29734C63002E193A /* Utils.swift */ = {isa = PBXFileReference; lastKnownFileType = sourcecode.swift; path = Utils.swift; sourceTree = "<group>"; };
		E94D03B22973540C002E193A /* techInterviewJson.json */ = {isa = PBXFileReference; lastKnownFileType = text.json; path = techInterviewJson.json; sourceTree = "<group>"; };
		E94D03C029749764002E193A /* en */ = {isa = PBXFileReference; lastKnownFileType = text.plist.strings; name = en; path = en.lproj/Localizable.strings; sourceTree = "<group>"; };
		E94D03C22974978E002E193A /* bg */ = {isa = PBXFileReference; lastKnownFileType = text.plist.strings; name = bg; path = bg.lproj/Localizable.strings; sourceTree = "<group>"; };
		E9A0FE62295B4CE800C9EBEA /* SortTableViewController.swift */ = {isa = PBXFileReference; lastKnownFileType = sourcecode.swift; path = SortTableViewController.swift; sourceTree = "<group>"; };
		E9A0FE66295B4FE800C9EBEA /* SortTableViewCell.swift */ = {isa = PBXFileReference; lastKnownFileType = sourcecode.swift; path = SortTableViewCell.swift; sourceTree = "<group>"; };
		E9A0FE67295B4FE800C9EBEA /* SortTableViewCell.xib */ = {isa = PBXFileReference; lastKnownFileType = file.xib; path = SortTableViewCell.xib; sourceTree = "<group>"; };
		E9A0FE6B295B5BC200C9EBEA /* Array+Utils.swift */ = {isa = PBXFileReference; lastKnownFileType = sourcecode.swift; path = "Array+Utils.swift"; sourceTree = "<group>"; };
		E9FCA1F1291AF113001DB16B /* Entertainments.app */ = {isa = PBXFileReference; explicitFileType = wrapper.application; includeInIndex = 0; path = Entertainments.app; sourceTree = BUILT_PRODUCTS_DIR; };
		E9FCA1F4291AF113001DB16B /* AppDelegate.swift */ = {isa = PBXFileReference; lastKnownFileType = sourcecode.swift; path = AppDelegate.swift; sourceTree = "<group>"; };
		E9FCA1F6291AF113001DB16B /* SceneDelegate.swift */ = {isa = PBXFileReference; lastKnownFileType = sourcecode.swift; path = SceneDelegate.swift; sourceTree = "<group>"; };
		E9FCA1FB291AF113001DB16B /* Base */ = {isa = PBXFileReference; lastKnownFileType = file.storyboard; name = Base; path = Base.lproj/Main.storyboard; sourceTree = "<group>"; };
		E9FCA1FD291AF115001DB16B /* Assets.xcassets */ = {isa = PBXFileReference; lastKnownFileType = folder.assetcatalog; path = Assets.xcassets; sourceTree = "<group>"; };
		E9FCA200291AF115001DB16B /* Base */ = {isa = PBXFileReference; lastKnownFileType = file.storyboard; name = Base; path = Base.lproj/LaunchScreen.storyboard; sourceTree = "<group>"; };
		E9FCA202291AF115001DB16B /* Info.plist */ = {isa = PBXFileReference; lastKnownFileType = text.plist.xml; path = Info.plist; sourceTree = "<group>"; };
		E9FCA207291AF115001DB16B /* EntertainmentsTests.xctest */ = {isa = PBXFileReference; explicitFileType = wrapper.cfbundle; includeInIndex = 0; path = EntertainmentsTests.xctest; sourceTree = BUILT_PRODUCTS_DIR; };
		E9FCA20B291AF115001DB16B /* EntertainmentsTests.swift */ = {isa = PBXFileReference; lastKnownFileType = sourcecode.swift; path = EntertainmentsTests.swift; sourceTree = "<group>"; };
		E9FCA211291AF115001DB16B /* EntertainmentsUITests.xctest */ = {isa = PBXFileReference; explicitFileType = wrapper.cfbundle; includeInIndex = 0; path = EntertainmentsUITests.xctest; sourceTree = BUILT_PRODUCTS_DIR; };
		E9FCA215291AF115001DB16B /* EntertainmentsUITests.swift */ = {isa = PBXFileReference; lastKnownFileType = sourcecode.swift; path = EntertainmentsUITests.swift; sourceTree = "<group>"; };
		E9FCA217291AF115001DB16B /* EntertainmentsUITestsLaunchTests.swift */ = {isa = PBXFileReference; lastKnownFileType = sourcecode.swift; path = EntertainmentsUITestsLaunchTests.swift; sourceTree = "<group>"; };
		E9FCA22E291AF270001DB16B /* EntertainmentTableViewController.swift */ = {isa = PBXFileReference; lastKnownFileType = sourcecode.swift; path = EntertainmentTableViewController.swift; sourceTree = "<group>"; };
		E9FCA231291AF377001DB16B /* String+Utils.swift */ = {isa = PBXFileReference; lastKnownFileType = sourcecode.swift; path = "String+Utils.swift"; sourceTree = "<group>"; };
		E9FCA235291AF3EB001DB16B /* EntertainmentViewModel.swift */ = {isa = PBXFileReference; lastKnownFileType = sourcecode.swift; path = EntertainmentViewModel.swift; sourceTree = "<group>"; };
		E9FCA237291AF405001DB16B /* EntertainmentViewModelForShow.swift */ = {isa = PBXFileReference; lastKnownFileType = sourcecode.swift; path = EntertainmentViewModelForShow.swift; sourceTree = "<group>"; };
/* End PBXFileReference section */

/* Begin PBXFrameworksBuildPhase section */
		E9FCA1EE291AF113001DB16B /* Frameworks */ = {
			isa = PBXFrameworksBuildPhase;
			buildActionMask = 2147483647;
			files = (
			);
			runOnlyForDeploymentPostprocessing = 0;
		};
		E9FCA204291AF115001DB16B /* Frameworks */ = {
			isa = PBXFrameworksBuildPhase;
			buildActionMask = 2147483647;
			files = (
			);
			runOnlyForDeploymentPostprocessing = 0;
		};
		E9FCA20E291AF115001DB16B /* Frameworks */ = {
			isa = PBXFrameworksBuildPhase;
			buildActionMask = 2147483647;
			files = (
			);
			runOnlyForDeploymentPostprocessing = 0;
		};
/* End PBXFrameworksBuildPhase section */

/* Begin PBXGroup section */
		E94D03B92974955E002E193A /* SupportingFiles */ = {
			isa = PBXGroup;
			children = (
				E94D03B22973540C002E193A /* techInterviewJson.json */,
				E94D03C129749764002E193A /* Localizable.strings */,
			);
			path = SupportingFiles;
			sourceTree = "<group>";
		};
		E9A0FE6A295B517100C9EBEA /* Sort */ = {
			isa = PBXGroup;
			children = (
				E9A0FE62295B4CE800C9EBEA /* SortTableViewController.swift */,
				E9A0FE66295B4FE800C9EBEA /* SortTableViewCell.swift */,
				E9A0FE67295B4FE800C9EBEA /* SortTableViewCell.xib */,
			);
			path = Sort;
			sourceTree = "<group>";
		};
		E9FCA1E8291AF113001DB16B = {
			isa = PBXGroup;
			children = (
				E9FCA1F3291AF113001DB16B /* Entertainments */,
				E9FCA20A291AF115001DB16B /* EntertainmentsTests */,
				E9FCA214291AF115001DB16B /* EntertainmentsUITests */,
				E9FCA1F2291AF113001DB16B /* Products */,
			);
			sourceTree = "<group>";
		};
		E9FCA1F2291AF113001DB16B /* Products */ = {
			isa = PBXGroup;
			children = (
				E9FCA1F1291AF113001DB16B /* Entertainments.app */,
				E9FCA207291AF115001DB16B /* EntertainmentsTests.xctest */,
				E9FCA211291AF115001DB16B /* EntertainmentsUITests.xctest */,
			);
			name = Products;
			sourceTree = "<group>";
		};
		E9FCA1F3291AF113001DB16B /* Entertainments */ = {
			isa = PBXGroup;
			children = (
				E9FCA224291AF11B001DB16B /* Model */,
				E9FCA225291AF130001DB16B /* View */,
				E9FCA226291AF138001DB16B /* ViewModel */,
				E9FCA230291AF34F001DB16B /* Extensions */,
				E94D03B92974955E002E193A /* SupportingFiles */,
				E9FCA1F4291AF113001DB16B /* AppDelegate.swift */,
				E9FCA1F6291AF113001DB16B /* SceneDelegate.swift */,
				E9FCA1FD291AF115001DB16B /* Assets.xcassets */,
				E9FCA1FF291AF115001DB16B /* LaunchScreen.storyboard */,
				E9FCA202291AF115001DB16B /* Info.plist */,
			);
			path = Entertainments;
			sourceTree = "<group>";
		};
		E9FCA20A291AF115001DB16B /* EntertainmentsTests */ = {
			isa = PBXGroup;
			children = (
				E9FCA20B291AF115001DB16B /* EntertainmentsTests.swift */,
			);
			path = EntertainmentsTests;
			sourceTree = "<group>";
		};
		E9FCA214291AF115001DB16B /* EntertainmentsUITests */ = {
			isa = PBXGroup;
			children = (
				E9FCA215291AF115001DB16B /* EntertainmentsUITests.swift */,
				E9FCA217291AF115001DB16B /* EntertainmentsUITestsLaunchTests.swift */,
			);
			path = EntertainmentsUITests;
			sourceTree = "<group>";
		};
		E9FCA224291AF11B001DB16B /* Model */ = {
			isa = PBXGroup;
			children = (
				E9490C0A295A34DF0065B758 /* Entertainment.swift */,
				E9490C0B295A34DF0065B758 /* ShowAtModel.swift */,
				E9490C09295A34DE0065B758 /* TVShow.swift */,
			);
			path = Model;
			sourceTree = "<group>";
		};
		E9FCA225291AF130001DB16B /* View */ = {
			isa = PBXGroup;
			children = (
				E9FCA1FA291AF113001DB16B /* Main.storyboard */,
				E9FCA22D291AF246001DB16B /* Entertainment */,
				E9A0FE6A295B517100C9EBEA /* Sort */,
			);
			path = View;
			sourceTree = "<group>";
		};
		E9FCA226291AF138001DB16B /* ViewModel */ = {
			isa = PBXGroup;
			children = (
				E9FCA235291AF3EB001DB16B /* EntertainmentViewModel.swift */,
				E9FCA237291AF405001DB16B /* EntertainmentViewModelForShow.swift */,
			);
			path = ViewModel;
			sourceTree = "<group>";
		};
		E9FCA22D291AF246001DB16B /* Entertainment */ = {
			isa = PBXGroup;
			children = (
				E9FCA22E291AF270001DB16B /* EntertainmentTableViewController.swift */,
				E9490C0F295A35C30065B758 /* TVShowCell.swift */,
			);
			path = Entertainment;
			sourceTree = "<group>";
		};
		E9FCA230291AF34F001DB16B /* Extensions */ = {
			isa = PBXGroup;
			children = (
				E9FCA231291AF377001DB16B /* String+Utils.swift */,
				E9A0FE6B295B5BC200C9EBEA /* Array+Utils.swift */,
				E94D03AF29734C63002E193A /* Utils.swift */,
			);
			path = Extensions;
			sourceTree = "<group>";
		};
/* End PBXGroup section */

/* Begin PBXNativeTarget section */
		E9FCA1F0291AF113001DB16B /* Entertainments */ = {
			isa = PBXNativeTarget;
			buildConfigurationList = E9FCA21B291AF115001DB16B /* Build configuration list for PBXNativeTarget "Entertainments" */;
			buildPhases = (
				E9FCA1ED291AF113001DB16B /* Sources */,
				E9FCA1EE291AF113001DB16B /* Frameworks */,
				E9FCA1EF291AF113001DB16B /* Resources */,
			);
			buildRules = (
			);
			dependencies = (
			);
			name = Entertainments;
			productName = Entertainments;
			productReference = E9FCA1F1291AF113001DB16B /* Entertainments.app */;
			productType = "com.apple.product-type.application";
		};
		E9FCA206291AF115001DB16B /* EntertainmentsTests */ = {
			isa = PBXNativeTarget;
			buildConfigurationList = E9FCA21E291AF115001DB16B /* Build configuration list for PBXNativeTarget "EntertainmentsTests" */;
			buildPhases = (
				E9FCA203291AF115001DB16B /* Sources */,
				E9FCA204291AF115001DB16B /* Frameworks */,
				E9FCA205291AF115001DB16B /* Resources */,
			);
			buildRules = (
			);
			dependencies = (
				E9FCA209291AF115001DB16B /* PBXTargetDependency */,
			);
			name = EntertainmentsTests;
			productName = EntertainmentsTests;
			productReference = E9FCA207291AF115001DB16B /* EntertainmentsTests.xctest */;
			productType = "com.apple.product-type.bundle.unit-test";
		};
		E9FCA210291AF115001DB16B /* EntertainmentsUITests */ = {
			isa = PBXNativeTarget;
			buildConfigurationList = E9FCA221291AF115001DB16B /* Build configuration list for PBXNativeTarget "EntertainmentsUITests" */;
			buildPhases = (
				E9FCA20D291AF115001DB16B /* Sources */,
				E9FCA20E291AF115001DB16B /* Frameworks */,
				E9FCA20F291AF115001DB16B /* Resources */,
			);
			buildRules = (
			);
			dependencies = (
				E9FCA213291AF115001DB16B /* PBXTargetDependency */,
			);
			name = EntertainmentsUITests;
			productName = EntertainmentsUITests;
			productReference = E9FCA211291AF115001DB16B /* EntertainmentsUITests.xctest */;
			productType = "com.apple.product-type.bundle.ui-testing";
		};
/* End PBXNativeTarget section */

/* Begin PBXProject section */
		E9FCA1E9291AF113001DB16B /* Project object */ = {
			isa = PBXProject;
			attributes = {
				BuildIndependentTargetsInParallel = 1;
				LastSwiftUpdateCheck = 1400;
				LastUpgradeCheck = 1400;
				TargetAttributes = {
					E9FCA1F0291AF113001DB16B = {
						CreatedOnToolsVersion = 14.0;
					};
					E9FCA206291AF115001DB16B = {
						CreatedOnToolsVersion = 14.0;
						TestTargetID = E9FCA1F0291AF113001DB16B;
					};
					E9FCA210291AF115001DB16B = {
						CreatedOnToolsVersion = 14.0;
						TestTargetID = E9FCA1F0291AF113001DB16B;
					};
				};
			};
			buildConfigurationList = E9FCA1EC291AF113001DB16B /* Build configuration list for PBXProject "Entertainments" */;
			compatibilityVersion = "Xcode 14.0";
			developmentRegion = en;
			hasScannedForEncodings = 0;
			knownRegions = (
				en,
				Base,
				bg,
			);
			mainGroup = E9FCA1E8291AF113001DB16B;
			productRefGroup = E9FCA1F2291AF113001DB16B /* Products */;
			projectDirPath = "";
			projectRoot = "";
			targets = (
				E9FCA1F0291AF113001DB16B /* Entertainments */,
				E9FCA206291AF115001DB16B /* EntertainmentsTests */,
				E9FCA210291AF115001DB16B /* EntertainmentsUITests */,
			);
		};
/* End PBXProject section */

/* Begin PBXResourcesBuildPhase section */
		E9FCA1EF291AF113001DB16B /* Resources */ = {
			isa = PBXResourcesBuildPhase;
			buildActionMask = 2147483647;
			files = (
				E94D03BA29749578002E193A /* techInterviewJson.json in Resources */,
				E94D03BF29749764002E193A /* Localizable.strings in Resources */,
				E9FCA201291AF115001DB16B /* LaunchScreen.storyboard in Resources */,
				E9A0FE69295B4FE800C9EBEA /* SortTableViewCell.xib in Resources */,
				E9FCA1FE291AF115001DB16B /* Assets.xcassets in Resources */,
				E9FCA1FC291AF113001DB16B /* Main.storyboard in Resources */,
			);
			runOnlyForDeploymentPostprocessing = 0;
		};
		E9FCA205291AF115001DB16B /* Resources */ = {
			isa = PBXResourcesBuildPhase;
			buildActionMask = 2147483647;
			files = (
			);
			runOnlyForDeploymentPostprocessing = 0;
		};
		E9FCA20F291AF115001DB16B /* Resources */ = {
			isa = PBXResourcesBuildPhase;
			buildActionMask = 2147483647;
			files = (
			);
			runOnlyForDeploymentPostprocessing = 0;
		};
/* End PBXResourcesBuildPhase section */

/* Begin PBXSourcesBuildPhase section */
		E9FCA1ED291AF113001DB16B /* Sources */ = {
			isa = PBXSourcesBuildPhase;
			buildActionMask = 2147483647;
			files = (
				E9A0FE68295B4FE800C9EBEA /* SortTableViewCell.swift in Sources */,
				E9490C0E295A34DF0065B758 /* ShowAtModel.swift in Sources */,
				E9FCA22F291AF270001DB16B /* EntertainmentTableViewController.swift in Sources */,
				E9A0FE6C295B5BC200C9EBEA /* Array+Utils.swift in Sources */,
				E9A0FE63295B4CE800C9EBEA /* SortTableViewController.swift in Sources */,
				E94D03B029734C63002E193A /* Utils.swift in Sources */,
				E9FCA236291AF3EB001DB16B /* EntertainmentViewModel.swift in Sources */,
				E9FCA238291AF405001DB16B /* EntertainmentViewModelForShow.swift in Sources */,
				E9490C10295A35C30065B758 /* TVShowCell.swift in Sources */,
				E9490C0C295A34DF0065B758 /* TVShow.swift in Sources */,
				E9490C0D295A34DF0065B758 /* Entertainment.swift in Sources */,
				E9FCA1F5291AF113001DB16B /* AppDelegate.swift in Sources */,
				E9FCA232291AF377001DB16B /* String+Utils.swift in Sources */,
				E9FCA1F7291AF113001DB16B /* SceneDelegate.swift in Sources */,
			);
			runOnlyForDeploymentPostprocessing = 0;
		};
		E9FCA203291AF115001DB16B /* Sources */ = {
			isa = PBXSourcesBuildPhase;
			buildActionMask = 2147483647;
			files = (
				E9FCA20C291AF115001DB16B /* EntertainmentsTests.swift in Sources */,
			);
			runOnlyForDeploymentPostprocessing = 0;
		};
		E9FCA20D291AF115001DB16B /* Sources */ = {
			isa = PBXSourcesBuildPhase;
			buildActionMask = 2147483647;
			files = (
				E9FCA216291AF115001DB16B /* EntertainmentsUITests.swift in Sources */,
				E9FCA218291AF115001DB16B /* EntertainmentsUITestsLaunchTests.swift in Sources */,
			);
			runOnlyForDeploymentPostprocessing = 0;
		};
/* End PBXSourcesBuildPhase section */

/* Begin PBXTargetDependency section */
		E9FCA209291AF115001DB16B /* PBXTargetDependency */ = {
			isa = PBXTargetDependency;
			target = E9FCA1F0291AF113001DB16B /* Entertainments */;
			targetProxy = E9FCA208291AF115001DB16B /* PBXContainerItemProxy */;
		};
		E9FCA213291AF115001DB16B /* PBXTargetDependency */ = {
			isa = PBXTargetDependency;
			target = E9FCA1F0291AF113001DB16B /* Entertainments */;
			targetProxy = E9FCA212291AF115001DB16B /* PBXContainerItemProxy */;
		};
/* End PBXTargetDependency section */

/* Begin PBXVariantGroup section */
		E94D03C129749764002E193A /* Localizable.strings */ = {
			isa = PBXVariantGroup;
			children = (
				E94D03C029749764002E193A /* en */,
				E94D03C22974978E002E193A /* bg */,
			);
			name = Localizable.strings;
			sourceTree = "<group>";
		};
		E9FCA1FA291AF113001DB16B /* Main.storyboard */ = {
			isa = PBXVariantGroup;
			children = (
				E9FCA1FB291AF113001DB16B /* Base */,
			);
			name = Main.storyboard;
			sourceTree = "<group>";
		};
		E9FCA1FF291AF115001DB16B /* LaunchScreen.storyboard */ = {
			isa = PBXVariantGroup;
			children = (
				E9FCA200291AF115001DB16B /* Base */,
			);
			name = LaunchScreen.storyboard;
			sourceTree = "<group>";
		};
/* End PBXVariantGroup section */

/* Begin XCBuildConfiguration section */
		E9FCA219291AF115001DB16B /* Debug */ = {
			isa = XCBuildConfiguration;
			buildSettings = {
				ALWAYS_SEARCH_USER_PATHS = NO;
				CLANG_ANALYZER_LOCALIZABILITY_NONLOCALIZED = YES;
				CLANG_ANALYZER_NONNULL = YES;
				CLANG_ANALYZER_NUMBER_OBJECT_CONVERSION = YES_AGGRESSIVE;
				CLANG_CXX_LANGUAGE_STANDARD = "gnu++20";
				CLANG_ENABLE_MODULES = YES;
				CLANG_ENABLE_OBJC_ARC = YES;
				CLANG_ENABLE_OBJC_WEAK = YES;
				CLANG_WARN_BLOCK_CAPTURE_AUTORELEASING = YES;
				CLANG_WARN_BOOL_CONVERSION = YES;
				CLANG_WARN_COMMA = YES;
				CLANG_WARN_CONSTANT_CONVERSION = YES;
				CLANG_WARN_DEPRECATED_OBJC_IMPLEMENTATIONS = YES;
				CLANG_WARN_DIRECT_OBJC_ISA_USAGE = YES_ERROR;
				CLANG_WARN_DOCUMENTATION_COMMENTS = YES;
				CLANG_WARN_EMPTY_BODY = YES;
				CLANG_WARN_ENUM_CONVERSION = YES;
				CLANG_WARN_INFINITE_RECURSION = YES;
				CLANG_WARN_INT_CONVERSION = YES;
				CLANG_WARN_NON_LITERAL_NULL_CONVERSION = YES;
				CLANG_WARN_OBJC_IMPLICIT_RETAIN_SELF = YES;
				CLANG_WARN_OBJC_LITERAL_CONVERSION = YES;
				CLANG_WARN_OBJC_ROOT_CLASS = YES_ERROR;
				CLANG_WARN_QUOTED_INCLUDE_IN_FRAMEWORK_HEADER = YES;
				CLANG_WARN_RANGE_LOOP_ANALYSIS = YES;
				CLANG_WARN_STRICT_PROTOTYPES = YES;
				CLANG_WARN_SUSPICIOUS_MOVE = YES;
				CLANG_WARN_UNGUARDED_AVAILABILITY = YES_AGGRESSIVE;
				CLANG_WARN_UNREACHABLE_CODE = YES;
				CLANG_WARN__DUPLICATE_METHOD_MATCH = YES;
				COPY_PHASE_STRIP = NO;
				DEBUG_INFORMATION_FORMAT = dwarf;
				ENABLE_STRICT_OBJC_MSGSEND = YES;
				ENABLE_TESTABILITY = YES;
				GCC_C_LANGUAGE_STANDARD = gnu11;
				GCC_DYNAMIC_NO_PIC = NO;
				GCC_NO_COMMON_BLOCKS = YES;
				GCC_OPTIMIZATION_LEVEL = 0;
				GCC_PREPROCESSOR_DEFINITIONS = (
					"DEBUG=1",
					"$(inherited)",
				);
				GCC_WARN_64_TO_32_BIT_CONVERSION = YES;
				GCC_WARN_ABOUT_RETURN_TYPE = YES_ERROR;
				GCC_WARN_UNDECLARED_SELECTOR = YES;
				GCC_WARN_UNINITIALIZED_AUTOS = YES_AGGRESSIVE;
				GCC_WARN_UNUSED_FUNCTION = YES;
				GCC_WARN_UNUSED_VARIABLE = YES;
				IPHONEOS_DEPLOYMENT_TARGET = 16.0;
				MTL_ENABLE_DEBUG_INFO = INCLUDE_SOURCE;
				MTL_FAST_MATH = YES;
				ONLY_ACTIVE_ARCH = YES;
				SDKROOT = iphoneos;
				SWIFT_ACTIVE_COMPILATION_CONDITIONS = DEBUG;
				SWIFT_OPTIMIZATION_LEVEL = "-Onone";
			};
			name = Debug;
		};
		E9FCA21A291AF115001DB16B /* Release */ = {
			isa = XCBuildConfiguration;
			buildSettings = {
				ALWAYS_SEARCH_USER_PATHS = NO;
				CLANG_ANALYZER_LOCALIZABILITY_NONLOCALIZED = YES;
				CLANG_ANALYZER_NONNULL = YES;
				CLANG_ANALYZER_NUMBER_OBJECT_CONVERSION = YES_AGGRESSIVE;
				CLANG_CXX_LANGUAGE_STANDARD = "gnu++20";
				CLANG_ENABLE_MODULES = YES;
				CLANG_ENABLE_OBJC_ARC = YES;
				CLANG_ENABLE_OBJC_WEAK = YES;
				CLANG_WARN_BLOCK_CAPTURE_AUTORELEASING = YES;
				CLANG_WARN_BOOL_CONVERSION = YES;
				CLANG_WARN_COMMA = YES;
				CLANG_WARN_CONSTANT_CONVERSION = YES;
				CLANG_WARN_DEPRECATED_OBJC_IMPLEMENTATIONS = YES;
				CLANG_WARN_DIRECT_OBJC_ISA_USAGE = YES_ERROR;
				CLANG_WARN_DOCUMENTATION_COMMENTS = YES;
				CLANG_WARN_EMPTY_BODY = YES;
				CLANG_WARN_ENUM_CONVERSION = YES;
				CLANG_WARN_INFINITE_RECURSION = YES;
				CLANG_WARN_INT_CONVERSION = YES;
				CLANG_WARN_NON_LITERAL_NULL_CONVERSION = YES;
				CLANG_WARN_OBJC_IMPLICIT_RETAIN_SELF = YES;
				CLANG_WARN_OBJC_LITERAL_CONVERSION = YES;
				CLANG_WARN_OBJC_ROOT_CLASS = YES_ERROR;
				CLANG_WARN_QUOTED_INCLUDE_IN_FRAMEWORK_HEADER = YES;
				CLANG_WARN_RANGE_LOOP_ANALYSIS = YES;
				CLANG_WARN_STRICT_PROTOTYPES = YES;
				CLANG_WARN_SUSPICIOUS_MOVE = YES;
				CLANG_WARN_UNGUARDED_AVAILABILITY = YES_AGGRESSIVE;
				CLANG_WARN_UNREACHABLE_CODE = YES;
				CLANG_WARN__DUPLICATE_METHOD_MATCH = YES;
				COPY_PHASE_STRIP = NO;
				DEBUG_INFORMATION_FORMAT = "dwarf-with-dsym";
				ENABLE_NS_ASSERTIONS = NO;
				ENABLE_STRICT_OBJC_MSGSEND = YES;
				GCC_C_LANGUAGE_STANDARD = gnu11;
				GCC_NO_COMMON_BLOCKS = YES;
				GCC_WARN_64_TO_32_BIT_CONVERSION = YES;
				GCC_WARN_ABOUT_RETURN_TYPE = YES_ERROR;
				GCC_WARN_UNDECLARED_SELECTOR = YES;
				GCC_WARN_UNINITIALIZED_AUTOS = YES_AGGRESSIVE;
				GCC_WARN_UNUSED_FUNCTION = YES;
				GCC_WARN_UNUSED_VARIABLE = YES;
				IPHONEOS_DEPLOYMENT_TARGET = 16.0;
				MTL_ENABLE_DEBUG_INFO = NO;
				MTL_FAST_MATH = YES;
				SDKROOT = iphoneos;
				SWIFT_COMPILATION_MODE = wholemodule;
				SWIFT_OPTIMIZATION_LEVEL = "-O";
				VALIDATE_PRODUCT = YES;
			};
			name = Release;
		};
		E9FCA21C291AF115001DB16B /* Debug */ = {
			isa = XCBuildConfiguration;
			buildSettings = {
				ASSETCATALOG_COMPILER_APPICON_NAME = AppIcon;
				ASSETCATALOG_COMPILER_GLOBAL_ACCENT_COLOR_NAME = AccentColor;
				CODE_SIGN_STYLE = Automatic;
				CURRENT_PROJECT_VERSION = 1;
				GENERATE_INFOPLIST_FILE = YES;
				INFOPLIST_FILE = Entertainments/Info.plist;
				INFOPLIST_KEY_UIApplicationSupportsIndirectInputEvents = YES;
				INFOPLIST_KEY_UILaunchStoryboardName = LaunchScreen;
				INFOPLIST_KEY_UIMainStoryboardFile = Main;
				INFOPLIST_KEY_UISupportedInterfaceOrientations_iPad = "UIInterfaceOrientationPortrait UIInterfaceOrientationPortraitUpsideDown UIInterfaceOrientationLandscapeLeft UIInterfaceOrientationLandscapeRight";
				INFOPLIST_KEY_UISupportedInterfaceOrientations_iPhone = "UIInterfaceOrientationPortrait UIInterfaceOrientationLandscapeLeft UIInterfaceOrientationLandscapeRight";
				LD_RUNPATH_SEARCH_PATHS = (
					"$(inherited)",
					"@executable_path/Frameworks",
				);
				MARKETING_VERSION = 1.0;
				PRODUCT_BUNDLE_IDENTIFIER = com.entertainments.Entertainments;
				PRODUCT_NAME = "$(TARGET_NAME)";
				SWIFT_EMIT_LOC_STRINGS = YES;
				SWIFT_VERSION = 5.0;
				TARGETED_DEVICE_FAMILY = "1,2";
			};
			name = Debug;
		};
		E9FCA21D291AF115001DB16B /* Release */ = {
			isa = XCBuildConfiguration;
			buildSettings = {
				ASSETCATALOG_COMPILER_APPICON_NAME = AppIcon;
				ASSETCATALOG_COMPILER_GLOBAL_ACCENT_COLOR_NAME = AccentColor;
				CODE_SIGN_STYLE = Automatic;
				CURRENT_PROJECT_VERSION = 1;
				GENERATE_INFOPLIST_FILE = YES;
				INFOPLIST_FILE = Entertainments/Info.plist;
				INFOPLIST_KEY_UIApplicationSupportsIndirectInputEvents = YES;
				INFOPLIST_KEY_UILaunchStoryboardName = LaunchScreen;
				INFOPLIST_KEY_UIMainStoryboardFile = Main;
				INFOPLIST_KEY_UISupportedInterfaceOrientations_iPad = "UIInterfaceOrientationPortrait UIInterfaceOrientationPortraitUpsideDown UIInterfaceOrientationLandscapeLeft UIInterfaceOrientationLandscapeRight";
				INFOPLIST_KEY_UISupportedInterfaceOrientations_iPhone = "UIInterfaceOrientationPortrait UIInterfaceOrientationLandscapeLeft UIInterfaceOrientationLandscapeRight";
				LD_RUNPATH_SEARCH_PATHS = (
					"$(inherited)",
					"@executable_path/Frameworks",
				);
				MARKETING_VERSION = 1.0;
				PRODUCT_BUNDLE_IDENTIFIER = com.entertainments.Entertainments;
				PRODUCT_NAME = "$(TARGET_NAME)";
				SWIFT_EMIT_LOC_STRINGS = YES;
				SWIFT_VERSION = 5.0;
				TARGETED_DEVICE_FAMILY = "1,2";
			};
			name = Release;
		};
		E9FCA21F291AF115001DB16B /* Debug */ = {
			isa = XCBuildConfiguration;
			buildSettings = {
				ALWAYS_EMBED_SWIFT_STANDARD_LIBRARIES = YES;
				BUNDLE_LOADER = "$(TEST_HOST)";
				CODE_SIGN_STYLE = Automatic;
				CURRENT_PROJECT_VERSION = 1;
				GENERATE_INFOPLIST_FILE = YES;
				IPHONEOS_DEPLOYMENT_TARGET = 16.0;
				MARKETING_VERSION = 1.0;
				PRODUCT_BUNDLE_IDENTIFIER = com.entertainments.EntertainmentsTests;
				PRODUCT_NAME = "$(TARGET_NAME)";
				SWIFT_EMIT_LOC_STRINGS = NO;
				SWIFT_VERSION = 5.0;
				TARGETED_DEVICE_FAMILY = "1,2";
				TEST_HOST = "$(BUILT_PRODUCTS_DIR)/Entertainments.app/$(BUNDLE_EXECUTABLE_FOLDER_PATH)/Entertainments";
			};
			name = Debug;
		};
		E9FCA220291AF115001DB16B /* Release */ = {
			isa = XCBuildConfiguration;
			buildSettings = {
				ALWAYS_EMBED_SWIFT_STANDARD_LIBRARIES = YES;
				BUNDLE_LOADER = "$(TEST_HOST)";
				CODE_SIGN_STYLE = Automatic;
				CURRENT_PROJECT_VERSION = 1;
				GENERATE_INFOPLIST_FILE = YES;
				IPHONEOS_DEPLOYMENT_TARGET = 16.0;
				MARKETING_VERSION = 1.0;
				PRODUCT_BUNDLE_IDENTIFIER = com.entertainments.EntertainmentsTests;
				PRODUCT_NAME = "$(TARGET_NAME)";
				SWIFT_EMIT_LOC_STRINGS = NO;
				SWIFT_VERSION = 5.0;
				TARGETED_DEVICE_FAMILY = "1,2";
				TEST_HOST = "$(BUILT_PRODUCTS_DIR)/Entertainments.app/$(BUNDLE_EXECUTABLE_FOLDER_PATH)/Entertainments";
			};
			name = Release;
		};
		E9FCA222291AF115001DB16B /* Debug */ = {
			isa = XCBuildConfiguration;
			buildSettings = {
				ALWAYS_EMBED_SWIFT_STANDARD_LIBRARIES = YES;
				CODE_SIGN_STYLE = Automatic;
				CURRENT_PROJECT_VERSION = 1;
				GENERATE_INFOPLIST_FILE = YES;
				MARKETING_VERSION = 1.0;
				PRODUCT_BUNDLE_IDENTIFIER = com.entertainments.EntertainmentsUITests;
				PRODUCT_NAME = "$(TARGET_NAME)";
				SWIFT_EMIT_LOC_STRINGS = NO;
				SWIFT_VERSION = 5.0;
				TARGETED_DEVICE_FAMILY = "1,2";
				TEST_TARGET_NAME = Entertainments;
			};
			name = Debug;
		};
		E9FCA223291AF115001DB16B /* Release */ = {
			isa = XCBuildConfiguration;
			buildSettings = {
				ALWAYS_EMBED_SWIFT_STANDARD_LIBRARIES = YES;
				CODE_SIGN_STYLE = Automatic;
				CURRENT_PROJECT_VERSION = 1;
				GENERATE_INFOPLIST_FILE = YES;
				MARKETING_VERSION = 1.0;
				PRODUCT_BUNDLE_IDENTIFIER = com.entertainments.EntertainmentsUITests;
				PRODUCT_NAME = "$(TARGET_NAME)";
				SWIFT_EMIT_LOC_STRINGS = NO;
				SWIFT_VERSION = 5.0;
				TARGETED_DEVICE_FAMILY = "1,2";
				TEST_TARGET_NAME = Entertainments;
			};
			name = Release;
		};
/* End XCBuildConfiguration section */

/* Begin XCConfigurationList section */
		E9FCA1EC291AF113001DB16B /* Build configuration list for PBXProject "Entertainments" */ = {
			isa = XCConfigurationList;
			buildConfigurations = (
				E9FCA219291AF115001DB16B /* Debug */,
				E9FCA21A291AF115001DB16B /* Release */,
			);
			defaultConfigurationIsVisible = 0;
			defaultConfigurationName = Release;
		};
		E9FCA21B291AF115001DB16B /* Build configuration list for PBXNativeTarget "Entertainments" */ = {
			isa = XCConfigurationList;
			buildConfigurations = (
				E9FCA21C291AF115001DB16B /* Debug */,
				E9FCA21D291AF115001DB16B /* Release */,
			);
			defaultConfigurationIsVisible = 0;
			defaultConfigurationName = Release;
		};
		E9FCA21E291AF115001DB16B /* Build configuration list for PBXNativeTarget "EntertainmentsTests" */ = {
			isa = XCConfigurationList;
			buildConfigurations = (
				E9FCA21F291AF115001DB16B /* Debug */,
				E9FCA220291AF115001DB16B /* Release */,
			);
			defaultConfigurationIsVisible = 0;
			defaultConfigurationName = Release;
		};
		E9FCA221291AF115001DB16B /* Build configuration list for PBXNativeTarget "EntertainmentsUITests" */ = {
			isa = XCConfigurationList;
			buildConfigurations = (
				E9FCA222291AF115001DB16B /* Debug */,
				E9FCA223291AF115001DB16B /* Release */,
			);
			defaultConfigurationIsVisible = 0;
			defaultConfigurationName = Release;
		};
/* End XCConfigurationList section */
	};
	rootObject = E9FCA1E9291AF113001DB16B /* Project object */;
}
